
Microsoft Visual Studio Solution File, Format Version 12.00
# Visual Studio 15
Project("{FAE04EC0-301F-11D3-BF4B-00C04F79EFBC}") = "SteamVR", "SteamVR.csproj", "{9C0D9B97-5172-06C9-5FFD-2D2A6260D783}"
EndProject
Project("{FAE04EC0-301F-11D3-BF4B-00C04F79EFBC}") = "SteamVR_Actions", "SteamVR_Actions.csproj", "{FFA4DF0A-470F-E173-424D-3C2D9D344AE4}"
EndProject
Project("{FAE04EC0-301F-11D3-BF4B-00C04F79EFBC}") = "Assembly-CSharp", "Assembly-CSharp.csproj", "{4AB1FBF4-97F6-1C3D-F353-77670FB4FDFF}"
EndProject
Project("{FAE04EC0-301F-11D3-BF4B-00C04F79EFBC}") = "SteamVR_Editor", "SteamVR_Editor.csproj", "{ACE3B35E-BC57-814B-F8A7-F2BD2989B7D4}"
EndProject
Project("{FAE04EC0-301F-11D3-BF4B-00C04F79EFBC}") = "SteamVR_Input_Editor", "SteamVR_Input_Editor.csproj", "{DF5C966F-7D32-3110-BA88-7A7D40AC7A29}"
EndProject
Project("{FAE04EC0-301F-11D3-BF4B-00C04F79EFBC}") = "Assembly-CSharp-Editor", "Assembly-CSharp-Editor.csproj", "{E19A8E9E-A330-87D0-40B6-3AEA4D9D0732}"
EndProject
Project("{FAE04EC0-301F-11D3-BF4B-00C04F79EFBC}") = "SteamVR_Windows_EditorHelper", "SteamVR_Windows_EditorHelper.csproj", "{7693FFA6-79F0-6282-5DE3-DE2605F40F3F}"
EndProject
Global
	GlobalSection(SolutionConfigurationPlatforms) = preSolution
		Debug|Any CPU = Debug|Any CPU
		Release|Any CPU = Release|Any CPU
	EndGlobalSection
	GlobalSection(ProjectConfigurationPlatforms) = postSolution
		{9C0D9B97-5172-06C9-5FFD-2D2A6260D783}.Debug|Any CPU.ActiveCfg = Debug|Any CPU
		{9C0D9B97-5172-06C9-5FFD-2D2A6260D783}.Debug|Any CPU.Build.0 = Debug|Any CPU
		{9C0D9B97-5172-06C9-5FFD-2D2A6260D783}.Release|Any CPU.ActiveCfg = Release|Any CPU
		{9C0D9B97-5172-06C9-5FFD-2D2A6260D783}.Release|Any CPU.Build.0 = Release|Any CPU
		{FFA4DF0A-470F-E173-424D-3C2D9D344AE4}.Debug|Any CPU.ActiveCfg = Debug|Any CPU
		{FFA4DF0A-470F-E173-424D-3C2D9D344AE4}.Debug|Any CPU.Build.0 = Debug|Any CPU
		{FFA4DF0A-470F-E173-424D-3C2D9D344AE4}.Release|Any CPU.ActiveCfg = Release|Any CPU
		{FFA4DF0A-470F-E173-424D-3C2D9D344AE4}.Release|Any CPU.Build.0 = Release|Any CPU
		{4AB1FBF4-97F6-1C3D-F353-77670FB4FDFF}.Debug|Any CPU.ActiveCfg = Debug|Any CPU
		{4AB1FBF4-97F6-1C3D-F353-77670FB4FDFF}.Debug|Any CPU.Build.0 = Debug|Any CPU
		{4AB1FBF4-97F6-1C3D-F353-77670FB4FDFF}.Release|Any CPU.ActiveCfg = Release|Any CPU
		{4AB1FBF4-97F6-1C3D-F353-77670FB4FDFF}.Release|Any CPU.Build.0 = Release|Any CPU
		{ACE3B35E-BC57-814B-F8A7-F2BD2989B7D4}.Debug|Any CPU.ActiveCfg = Debug|Any CPU
		{ACE3B35E-BC57-814B-F8A7-F2BD2989B7D4}.Debug|Any CPU.Build.0 = Debug|Any CPU
		{ACE3B35E-BC57-814B-F8A7-F2BD2989B7D4}.Release|Any CPU.ActiveCfg = Release|Any CPU
		{ACE3B35E-BC57-814B-F8A7-F2BD2989B7D4}.Release|Any CPU.Build.0 = Release|Any CPU
		{DF5C966F-7D32-3110-BA88-7A7D40AC7A29}.Debug|Any CPU.ActiveCfg = Debug|Any CPU
		{DF5C966F-7D32-3110-BA88-7A7D40AC7A29}.Debug|Any CPU.Build.0 = Debug|Any CPU
		{DF5C966F-7D32-3110-BA88-7A7D40AC7A29}.Release|Any CPU.ActiveCfg = Release|Any CPU
		{DF5C966F-7D32-3110-BA88-7A7D40AC7A29}.Release|Any CPU.Build.0 = Release|Any CPU
		{E19A8E9E-A330-87D0-40B6-3AEA4D9D0732}.Debug|Any CPU.ActiveCfg = Debug|Any CPU
		{E19A8E9E-A330-87D0-40B6-3AEA4D9D0732}.Debug|Any CPU.Build.0 = Debug|Any CPU
		{E19A8E9E-A330-87D0-40B6-3AEA4D9D0732}.Release|Any CPU.ActiveCfg = Release|Any CPU
		{E19A8E9E-A330-87D0-40B6-3AEA4D9D0732}.Release|Any CPU.Build.0 = Release|Any CPU
		{7693FFA6-79F0-6282-5DE3-DE2605F40F3F}.Debug|Any CPU.ActiveCfg = Debug|Any CPU
		{7693FFA6-79F0-6282-5DE3-DE2605F40F3F}.Debug|Any CPU.Build.0 = Debug|Any CPU
		{7693FFA6-79F0-6282-5DE3-DE2605F40F3F}.Release|Any CPU.ActiveCfg = Release|Any CPU
		{7693FFA6-79F0-6282-5DE3-DE2605F40F3F}.Release|Any CPU.Build.0 = Release|Any CPU
	EndGlobalSection
	GlobalSection(SolutionProperties) = preSolution
		HideSolutionNode = FALSE
	EndGlobalSection
EndGlobal
